
Microsoft Visual Studio Solution File, Format Version 12.00
# Visual Studio Version 16
VisualStudioVersion = 16.0.29905.134
MinimumVisualStudioVersion = 10.0.40219.1
Project("{9A19103F-16F7-4668-BE54-9A1E7A4F7556}") = "MarvelApi", "MarvelApi.csproj", "{747CA123-B387-42AB-82C2-FD792E4E2327}"
EndProject
Global
	GlobalSection(SolutionConfigurationPlatforms) = preSolution
		Debug|Any CPU = Debug|Any CPU
		Release|Any CPU = Release|Any CPU
	EndGlobalSection
	GlobalSection(ProjectConfigurationPlatforms) = postSolution
		{747CA123-B387-42AB-82C2-FD792E4E2327}.Debug|Any CPU.ActiveCfg = Debug|Any CPU
		{747CA123-B387-42AB-82C2-FD792E4E2327}.Debug|Any CPU.Build.0 = Debug|Any CPU
		{747CA123-B387-42AB-82C2-FD792E4E2327}.Release|Any CPU.ActiveCfg = Release|Any CPU
		{747CA123-B387-42AB-82C2-FD792E4E2327}.Release|Any CPU.Build.0 = Release|Any CPU
	EndGlobalSection
	GlobalSection(SolutionProperties) = preSolution
		HideSolutionNode = FALSE
	EndGlobalSection
	GlobalSection(ExtensibilityGlobals) = postSolution
		SolutionGuid = {E1A7655C-B0B9-47AD-AE0A-59C3434E5661}
	EndGlobalSection
EndGlobal
